{
  "name": "zachtech-web",
  "version": "0.1.0",
  "lockfileVersion": 3,
  "requires": true,
  "packages": {
    "": {
      "name": "zachtech-web",
      "version": "0.1.0",
      "dependencies": {
        "next": "16.2.10",
        "react": "19.2.7",
        "react-dom": "19.2.7",
        "react-icons": "5.7.0"
      },
      "devDependencies": {
        "@tailwindcss/postcss": "4.3.2",
        "@types/node": "24.13.3",
        "@types/react": "19.2.17",
        "@types/react-dom": "19.2.3",
        "@typescript-eslint/eslint-plugin": "^7.0.0",
        "@typescript-eslint/parser": "^7.0.0",
        "baseline-browser-mapping": "^2.10.38",
        "eslint": "10.7.0",
        "eslint-config-next": "16.2.10",
        "tailwindcss": "4.3.2",
        "typescript": "7.0.2"
      }
    },
    "node_modules/@typescript-eslint/eslint-plugin": {
      "version": "7.18.0",
      "resolved": "https://registry.npmjs.org/@typescript-eslint/eslint-plugin/-/eslint-plugin-7.18.0.tgz",
      "integrity": "sha512-94YSRA5cFt2s/VnIjpk/UpDwwZWfqVTkqtDR0Khl7K7Hql10qPpuKHH/Tz9I8M7VxwFxZqCnp2xbPhBl3OMJQ==",
      "dev": true,
      "license": "BSD-2-Clause",
      "dependencies": {
        "@eslint-community/regexpp": "^4.5.0",
        "@typescript-eslint/scope-manager": "7.18.0",
        "@typescript-eslint/type-utils": "7.18.0",
        "@typescript-eslint/utils": "7.18.0",
        "@typescript-eslint/visitor-keys": "7.18.0",
        "debug": "^4.3.4",
        "ignore": "^5.2.0",
        "natural-compare": "^1.4.0",
        "semver": "^7.6.0",
        "ts-api-utils": "^1.3.0"
      },
      "engines": {
        "node": "^18.18.0 || >=20.0.0"
      },
      "funding": {
        "type": "opencollective",
        "url": "https://opencollective.com/typescript-eslint"
      },
      "peerDependencies": {
        "@typescript-eslint/parser": "^7.0.0",
        "eslint": "^8.56.0",
        "typescript": ">=4.7.4"
      }
    },
    "node_modules/@typescript-eslint/parser": {
      "version": "7.18.0",
      "resolved": "https://registry.npmjs.org/@typescript-eslint/parser/-/parser-7.18.0.tgz",
      "integrity": "sha512-RSYzeg46qqFBeWipemQO2hR3OnPuKMzhwqtN5qiNr5MKJcbMPPoDkBfA1oKvdcjrMOGQVQMAzzzHt6f1Dq5mUg==",
      "dev": true,
      "license": "BSD-2-Clause",
      "dependencies": {
        "@typescript-eslint/scope-manager": "7.18.0",
        "@typescript-eslint/types": "7.18.0",
        "@typescript-eslint/typescript-estree": "7.18.0",
        "@typescript-eslint/visitor-keys": "7.18.0",
        "debug": "^4.3.4"
      },
      "engines": {
        "node": "^18.18.0 || >=20.0.0"
      },
      "funding": {
        "type": "opencollective",
        "url": "https://opencollective.com/typescript-eslint"
      },
      "peerDependencies": {
        "eslint": "^8.56.0",
        "typescript": ">=4.7.4"
      }
    },
    "node_modules/@typescript-eslint/scope-manager": {
      "version": "7.18.0",
      "resolved": "https://registry.npmjs.org/@typescript-eslint/scope-manager/-/scope-manager-7.18.0.tgz",
      "integrity": "sha512-jjhdIE/FPF2B7Z1uzc6i3oWKbGcxsae1wvhwLqWfvSojFA50UjwzQhrmtWJ67SSS5nENH7640UNaVUGKvFLcQA==",
      "dev": true,
      "license": "MIT",
      "dependencies": {
        "@typescript-eslint/types": "7.18.0",
        "@typescript-eslint/visitor-keys": "7.18.0"
      },
      "engines": {
        "node": "^18.18.0 || >=20.0.0"
      },
      "funding": {
        "type": "opencollective",
        "url": "https://opencollective.com/typescript-eslint"
      }
    },
    "node_modules/@typescript-eslint/type-utils": {
      "version": "7.18.0",
      "resolved": "https://registry.npmjs.org/@typescript-eslint/type-utils/-/type-utils-7.18.0.tgz",
      "integrity": "sha512-XL0FJXuCLaDuX2sYqTy2e8rDzXP0kp8wQ6fppR6hXFosPz3rybYcXVs7L+VLpKe575que7hWRhMewIDZtqv/Nw==",
      "dev": true,
      "license": "MIT",
      "dependencies": {
        "@typescript-eslint/typescript-estree": "7.18.0",
        "@typescript-eslint/utils": "7.18.0",
        "debug": "^4.3.4",
        "ts-api-utils": "^1.3.0"
      },
      "engines": {
        "node": "^18.18.0 || >=20.0.0"
      },
      "funding": {
        "type": "opencollective",
        "url": "https://opencollective.com/typescript-eslint"
      },
      "peerDependencies": {
        "eslint": "^8.56.0",
        "typescript": ">=4.7.4"
      }
    },
    "node_modules/@typescript-eslint/types": {
      "version": "7.18.0",
      "resolved": "https://registry.npmjs.org/@typescript-eslint/types/-/types-7.18.0.tgz",
      "integrity": "sha512-iZqi+Faeres1LxgA/UE6XXQvgvV1UYL9gUQDec3t/wWpsl0K002s/q+Y+tMyvt+JSitlKLaHRds/ktXqlyvDVg==",
      "dev": true,
      "license": "MIT",
      "engines": {
        "node": "^18.18.0 || >=20.0.0"
      },
      "funding": {
        "type": "opencollective",
        "url": "https://opencollective.com/typescript-eslint"
      }
    },
    "node_modules/@typescript-eslint/typescript-estree": {
      "version": "7.18.0",
      "resolved": "https://registry.npmjs.org/@typescript-eslint/typescript-estree/-/typescript-estree-7.18.0.tgz",
      "integrity": "sha512-aP1v/BSPnnlsCXhLHUBcSJSY38mRnGc0nUIY8j+DlG+fqB0Ykpo4fXoDp8HT5bepKK/4Ky+bP6TCnYuLtanScg==",
      "dev": true,
      "license": "BSD-2-Clause",
      "dependencies": {
        "@typescript-eslint/types": "7.18.0",
        "@typescript-eslint/visitor-keys": "7.18.0",
        "debug": "^4.3.4",
        "globby": "^11.1.0",
        "is-glob": "^4.0.3",
        "minimatch": "^9.0.4",
        "semver": "^7.6.0",
        "ts-api-utils": "^1.3.0"
      },
      "engines": {
        "node": "^18.18.0 || >=20.0.0"
      },
      "funding": {
        "type": "opencollective",
        "url": "https://opencollective.com/typescript-eslint"
      },
      "peerDependencies": {
        "typescript": ">=4.7.4"
      }
    },
    "node_modules/@typescript-eslint/utils": {
      "version": "7.18.0",
      "resolved": "https://registry.npmjs.org/@typescript-eslint/utils/-/utils-7.18.0.tgz",
      "integrity": "sha512-kK0/rNaxbLHaAV0FFKhy7IkBP0bozwVgL/w9dracvDISQFX7CcCorvvragiqVTi/IgNacNMioKYgx+Ub+IqHKg==",
      "dev": true,
      "license": "MIT",
      "dependencies": {
        "@eslint-community/eslint-utils": "^4.4.0",
        "@typescript-eslint/scope-manager": "7.18.0",
        "@typescript-eslint/types": "7.18.0",
        "@typescript-eslint/typescript-estree": "7.18.0",
        "semver": "^7.6.0"
      },
      "engines": {
        "node": "^18.18.0 || >=20.0.0"
      },
      "funding": {
        "type": "opencollective",
        "url": "https://opencollective.com/typescript-eslint"
      },
      "peerDependencies": {
        "eslint": "^8.56.0"
      }
    },
    "node_modules/@typescript-eslint/visitor-keys": {
      "version": "7.18.0",
      "resolved": "https://registry.npmjs.org/@typescript-eslint/visitor-keys/-/visitor-keys-7.18.0.tgz",
      "integrity": "sha512-cDF7/Cml139Q0ZfEPu2upAN9vLr/ymd2tVLekaY2/2z0bIvrzSfvULcGXnbeIqROYrq74a9GyHMx9EFa+3+FUw==",
      "dev": true,
      "license": "MIT",
      "dependencies": {
        "@typescript-eslint/types": "7.18.0",
        "eslint-visitor-keys": "^3.4.1"
      },
      "engines": {
        "node": "^18.18.0 || >=20.0.0"
      },
      "funding": {
        "type": "opencollective",
        "url": "https://opencollective.com/typescript-eslint"
      }
    }
  }
}
